
Microsoft Visual Studio Solution File, Format Version 12.00
# Visual Studio 15
VisualStudioVersion = 15.0.27004.2009
MinimumVisualStudioVersion = 10.0.40219.1
Project("{9A19103F-16F7-4668-BE54-9A1E7A4F7556}") = "MarketTest", "MarketTest\MarketTest.csproj", "{A8C87084-0985-4E8F-8026-20BE88A296D5}"
EndProject
Project("{9A19103F-16F7-4668-BE54-9A1E7A4F7556}") = "MarketTest.DAL", "MarketTest.DAL\MarketTest.DAL.csproj", "{9CA22688-9920-4D99-8A89-1C00FC0247CC}"
EndProject
Project("{9A19103F-16F7-4668-BE54-9A1E7A4F7556}") = "MarketTest.CompositionRoot", "MarketTest.CompositionRoot\MarketTest.CompositionRoot.csproj", "{E925E9B6-5B91-452C-A069-C8981A7C499C}"
EndProject
Project("{FAE04EC0-301F-11D3-BF4B-00C04F79EFBC}") = "MarketTest.BL", "MarketTest.BL\MarketTest.BL.csproj", "{4E998990-47E4-429E-891E-65624C079A84}"
EndProject
Global
	GlobalSection(SolutionConfigurationPlatforms) = preSolution
		Debug|Any CPU = Debug|Any CPU
		Release|Any CPU = Release|Any CPU
	EndGlobalSection
	GlobalSection(ProjectConfigurationPlatforms) = postSolution
		{A8C87084-0985-4E8F-8026-20BE88A296D5}.Debug|Any CPU.ActiveCfg = Debug|Any CPU
		{A8C87084-0985-4E8F-8026-20BE88A296D5}.Debug|Any CPU.Build.0 = Debug|Any CPU
		{A8C87084-0985-4E8F-8026-20BE88A296D5}.Release|Any CPU.ActiveCfg = Release|Any CPU
		{A8C87084-0985-4E8F-8026-20BE88A296D5}.Release|Any CPU.Build.0 = Release|Any CPU
		{9CA22688-9920-4D99-8A89-1C00FC0247CC}.Debug|Any CPU.ActiveCfg = Debug|Any CPU
		{9CA22688-9920-4D99-8A89-1C00FC0247CC}.Debug|Any CPU.Build.0 = Debug|Any CPU
		{9CA22688-9920-4D99-8A89-1C00FC0247CC}.Release|Any CPU.ActiveCfg = Release|Any CPU
		{9CA22688-9920-4D99-8A89-1C00FC0247CC}.Release|Any CPU.Build.0 = Release|Any CPU
		{E925E9B6-5B91-452C-A069-C8981A7C499C}.Debug|Any CPU.ActiveCfg = Debug|Any CPU
		{E925E9B6-5B91-452C-A069-C8981A7C499C}.Debug|Any CPU.Build.0 = Debug|Any CPU
		{E925E9B6-5B91-452C-A069-C8981A7C499C}.Release|Any CPU.ActiveCfg = Release|Any CPU
		{E925E9B6-5B91-452C-A069-C8981A7C499C}.Release|Any CPU.Build.0 = Release|Any CPU
		{4E998990-47E4-429E-891E-65624C079A84}.Debug|Any CPU.ActiveCfg = Debug|Any CPU
		{4E998990-47E4-429E-891E-65624C079A84}.Debug|Any CPU.Build.0 = Debug|Any CPU
		{4E998990-47E4-429E-891E-65624C079A84}.Release|Any CPU.ActiveCfg = Release|Any CPU
		{4E998990-47E4-429E-891E-65624C079A84}.Release|Any CPU.Build.0 = Release|Any CPU
	EndGlobalSection
	GlobalSection(SolutionProperties) = preSolution
		HideSolutionNode = FALSE
	EndGlobalSection
	GlobalSection(ExtensibilityGlobals) = postSolution
		SolutionGuid = {13C1302E-89C8-4B86-A31B-6DC178D009F4}
	EndGlobalSection
EndGlobal
